
Microsoft Visual Studio Solution File, Format Version 12.00
# Visual Studio Version 16
VisualStudioVersion = 16.0.30804.86
MinimumVisualStudioVersion = 10.0.40219.1
Project("{FAE04EC0-301F-11D3-BF4B-00C04F79EFBC}") = "ChaosStreamEngineAPI", "ChaosStreamEngineAPI\ChaosStreamEngineAPI.csproj", "{411A34F8-155D-4F5A-B90F-FC11D897DADE}"
	ProjectSection(ProjectDependencies) = postProject
		{B1C97A3D-7FC9-4702-9182-BF49B21CC4B5} = {B1C97A3D-7FC9-4702-9182-BF49B21CC4B5}
	EndProjectSection
EndProject
Project("{8BC9CEB8-8B4A-11D0-8D11-00A0C91BC942}") = "ChaosStreamEngineLib", "ChaosStreamEngineLib\ChaosStreamEngineLib.vcxproj", "{B1C97A3D-7FC9-4702-9182-BF49B21CC4B5}"
EndProject
Global
	GlobalSection(SolutionConfigurationPlatforms) = preSolution
		Debug|Any CPU = Debug|Any CPU
		Debug|x64 = Debug|x64
		Debug|x86 = Debug|x86
		Release|Any CPU = Release|Any CPU
		Release|x64 = Release|x64
		Release|x86 = Release|x86
	EndGlobalSection
	GlobalSection(ProjectConfigurationPlatforms) = postSolution
		{411A34F8-155D-4F5A-B90F-FC11D897DADE}.Debug|Any CPU.ActiveCfg = Debug|Any CPU
		{411A34F8-155D-4F5A-B90F-FC11D897DADE}.Debug|Any CPU.Build.0 = Debug|Any CPU
		{411A34F8-155D-4F5A-B90F-FC11D897DADE}.Debug|x64.ActiveCfg = Debug|Any CPU
		{411A34F8-155D-4F5A-B90F-FC11D897DADE}.Debug|x64.Build.0 = Debug|Any CPU
		{411A34F8-155D-4F5A-B90F-FC11D897DADE}.Debug|x86.ActiveCfg = Debug|Any CPU
		{411A34F8-155D-4F5A-B90F-FC11D897DADE}.Debug|x86.Build.0 = Debug|Any CPU
		{411A34F8-155D-4F5A-B90F-FC11D897DADE}.Release|Any CPU.ActiveCfg = Release|Any CPU
		{411A34F8-155D-4F5A-B90F-FC11D897DADE}.Release|Any CPU.Build.0 = Release|Any CPU
		{411A34F8-155D-4F5A-B90F-FC11D897DADE}.Release|x64.ActiveCfg = Release|Any CPU
		{411A34F8-155D-4F5A-B90F-FC11D897DADE}.Release|x64.Build.0 = Release|Any CPU
		{411A34F8-155D-4F5A-B90F-FC11D897DADE}.Release|x86.ActiveCfg = Release|Any CPU
		{411A34F8-155D-4F5A-B90F-FC11D897DADE}.Release|x86.Build.0 = Release|Any CPU
		{B1C97A3D-7FC9-4702-9182-BF49B21CC4B5}.Debug|Any CPU.ActiveCfg = Debug|x64
		{B1C97A3D-7FC9-4702-9182-BF49B21CC4B5}.Debug|Any CPU.Build.0 = Debug|x64
		{B1C97A3D-7FC9-4702-9182-BF49B21CC4B5}.Debug|x64.ActiveCfg = Debug|x64
		{B1C97A3D-7FC9-4702-9182-BF49B21CC4B5}.Debug|x64.Build.0 = Debug|x64
		{B1C97A3D-7FC9-4702-9182-BF49B21CC4B5}.Debug|x86.ActiveCfg = Debug|Win32
		{B1C97A3D-7FC9-4702-9182-BF49B21CC4B5}.Debug|x86.Build.0 = Debug|Win32
		{B1C97A3D-7FC9-4702-9182-BF49B21CC4B5}.Release|Any CPU.ActiveCfg = Release|Win32
		{B1C97A3D-7FC9-4702-9182-BF49B21CC4B5}.Release|x64.ActiveCfg = Release|x64
		{B1C97A3D-7FC9-4702-9182-BF49B21CC4B5}.Release|x64.Build.0 = Release|x64
		{B1C97A3D-7FC9-4702-9182-BF49B21CC4B5}.Release|x86.ActiveCfg = Release|Win32
		{B1C97A3D-7FC9-4702-9182-BF49B21CC4B5}.Release|x86.Build.0 = Release|Win32
	EndGlobalSection
	GlobalSection(SolutionProperties) = preSolution
		HideSolutionNode = FALSE
	EndGlobalSection
	GlobalSection(ExtensibilityGlobals) = postSolution
		SolutionGuid = {ED710050-A589-4C82-A780-D990E058F4DB}
	EndGlobalSection
EndGlobal
